// !$*UTF8*$!
{
	archiveVersion = 1;
	classes = {
	};
	objectVersion = 48;
	objects = {

/* Begin PBXBuildFile section */
		9FB3EC8F1FCA675600218849 /* AppDelegate.swift in Sources */ = {isa = PBXBuildFile; fileRef = 9FB3EC8E1FCA675600218849 /* AppDelegate.swift */; };
		9FB3EC941FCA675600218849 /* Main.storyboard in Resources */ = {isa = PBXBuildFile; fileRef = 9FB3EC921FCA675600218849 /* Main.storyboard */; };
		9FB3EC971FCA675600218849 /* NoteTaker.xcdatamodeld in Sources */ = {isa = PBXBuildFile; fileRef = 9FB3EC951FCA675600218849 /* NoteTaker.xcdatamodeld */; };
		9FB3EC991FCA675600218849 /* Assets.xcassets in Resources */ = {isa = PBXBuildFile; fileRef = 9FB3EC981FCA675600218849 /* Assets.xcassets */; };
		9FB3EC9C1FCA675600218849 /* LaunchScreen.storyboard in Resources */ = {isa = PBXBuildFile; fileRef = 9FB3EC9A1FCA675600218849 /* LaunchScreen.storyboard */; };
		9FB3ECA41FCA776700218849 /* NotesTableViewController.swift in Sources */ = {isa = PBXBuildFile; fileRef = 9FB3ECA31FCA776700218849 /* NotesTableViewController.swift */; };
		9FB3ECA61FCA778B00218849 /* NoteViewController.swift in Sources */ = {isa = PBXBuildFile; fileRef = 9FB3ECA51FCA778B00218849 /* NoteViewController.swift */; };
		9FB3ECAA1FCA7B4900218849 /* Note+CoreDataClass.swift in Sources */ = {isa = PBXBuildFile; fileRef = 9FB3ECA81FCA7B4900218849 /* Note+CoreDataClass.swift */; };
		9FB3ECAB1FCA7B4900218849 /* Note+CoreDataProperties.swift in Sources */ = {isa = PBXBuildFile; fileRef = 9FB3ECA91FCA7B4900218849 /* Note+CoreDataProperties.swift */; };
/* End PBXBuildFile section */

/* Begin PBXFileReference section */
		9FB3EC8B1FCA675600218849 /* NoteTaker.app */ = {isa = PBXFileReference; explicitFileType = wrapper.application; includeInIndex = 0; path = NoteTaker.app; sourceTree = BUILT_PRODUCTS_DIR; };
		9FB3EC8E1FCA675600218849 /* AppDelegate.swift */ = {isa = PBXFileReference; lastKnownFileType = sourcecode.swift; path = AppDelegate.swift; sourceTree = "<group>"; };
		9FB3EC931FCA675600218849 /* Base */ = {isa = PBXFileReference; lastKnownFileType = file.storyboard; name = Base; path = Base.lproj/Main.storyboard; sourceTree = "<group>"; };
		9FB3EC961FCA675600218849 /* NoteTaker.xcdatamodel */ = {isa = PBXFileReference; lastKnownFileType = wrapper.xcdatamodel; path = NoteTaker.xcdatamodel; sourceTree = "<group>"; };
		9FB3EC981FCA675600218849 /* Assets.xcassets */ = {isa = PBXFileReference; lastKnownFileType = folder.assetcatalog; path = Assets.xcassets; sourceTree = "<group>"; };
		9FB3EC9B1FCA675600218849 /* Base */ = {isa = PBXFileReference; lastKnownFileType = file.storyboard; name = Base; path = Base.lproj/LaunchScreen.storyboard; sourceTree = "<group>"; };
		9FB3EC9D1FCA675600218849 /* Info.plist */ = {isa = PBXFileReference; lastKnownFileType = text.plist.xml; path = Info.plist; sourceTree = "<group>"; };
		9FB3ECA31FCA776700218849 /* NotesTableViewController.swift */ = {isa = PBXFileReference; lastKnownFileType = sourcecode.swift; path = NotesTableViewController.swift; sourceTree = "<group>"; };
		9FB3ECA51FCA778B00218849 /* NoteViewController.swift */ = {isa = PBXFileReference; lastKnownFileType = sourcecode.swift; path = NoteViewController.swift; sourceTree = "<group>"; };
		9FB3ECA81FCA7B4900218849 /* Note+CoreDataClass.swift */ = {isa = PBXFileReference; lastKnownFileType = sourcecode.swift; path = "Note+CoreDataClass.swift"; sourceTree = "<group>"; };
		9FB3ECA91FCA7B4900218849 /* Note+CoreDataProperties.swift */ = {isa = PBXFileReference; lastKnownFileType = sourcecode.swift; path = "Note+CoreDataProperties.swift"; sourceTree = "<group>"; };
/* End PBXFileReference section */

/* Begin PBXFrameworksBuildPhase section */
		9FB3EC881FCA675600218849 /* Frameworks */ = {
			isa = PBXFrameworksBuildPhase;
			buildActionMask = 2147483647;
			files = (
			);
			runOnlyForDeploymentPostprocessing = 0;
		};
/* End PBXFrameworksBuildPhase section */

/* Begin PBXGroup section */
		9FB3EC821FCA675600218849 = {
			isa = PBXGroup;
			children = (
				9FB3EC8D1FCA675600218849 /* NoteTaker */,
				9FB3EC8C1FCA675600218849 /* Products */,
			);
			sourceTree = "<group>";
		};
		9FB3EC8C1FCA675600218849 /* Products */ = {
			isa = PBXGroup;
			children = (
				9FB3EC8B1FCA675600218849 /* NoteTaker.app */,
			);
			name = Products;
			sourceTree = "<group>";
		};
		9FB3EC8D1FCA675600218849 /* NoteTaker */ = {
			isa = PBXGroup;
			children = (
				9FB3ECA71FCA7AD100218849 /* NoteCoreData */,
				9FB3EC8E1FCA675600218849 /* AppDelegate.swift */,
				9FB3ECA31FCA776700218849 /* NotesTableViewController.swift */,
				9FB3ECA51FCA778B00218849 /* NoteViewController.swift */,
				9FB3EC921FCA675600218849 /* Main.storyboard */,
				9FB3EC981FCA675600218849 /* Assets.xcassets */,
				9FB3EC9A1FCA675600218849 /* LaunchScreen.storyboard */,
				9FB3EC9D1FCA675600218849 /* Info.plist */,
				9FB3EC951FCA675600218849 /* NoteTaker.xcdatamodeld */,
			);
			path = NoteTaker;
			sourceTree = "<group>";
		};
		9FB3ECA71FCA7AD100218849 /* NoteCoreData */ = {
			isa = PBXGroup;
			children = (
				9FB3ECA81FCA7B4900218849 /* Note+CoreDataClass.swift */,
				9FB3ECA91FCA7B4900218849 /* Note+CoreDataProperties.swift */,
			);
			path = NoteCoreData;
			sourceTree = "<group>";
		};
/* End PBXGroup section */

/* Begin PBXNativeTarget section */
		9FB3EC8A1FCA675600218849 /* NoteTaker */ = {
			isa = PBXNativeTarget;
			buildConfigurationList = 9FB3ECA01FCA675600218849 /* Build configuration list for PBXNativeTarget "NoteTaker" */;
			buildPhases = (
				9FB3EC871FCA675600218849 /* Sources */,
				9FB3EC881FCA675600218849 /* Frameworks */,
				9FB3EC891FCA675600218849 /* Resources */,
			);
			buildRules = (
			);
			dependencies = (
			);
			name = NoteTaker;
			productName = NoteTaker;
			productReference = 9FB3EC8B1FCA675600218849 /* NoteTaker.app */;
			productType = "com.apple.product-type.application";
		};
/* End PBXNativeTarget section */

/* Begin PBXProject section */
		9FB3EC831FCA675600218849 /* Project object */ = {
			isa = PBXProject;
			attributes = {
				LastSwiftUpdateCheck = 0910;
				LastUpgradeCheck = 0910;
				ORGANIZATIONNAME = "Teodor Ivanov";
				TargetAttributes = {
					9FB3EC8A1FCA675600218849 = {
						CreatedOnToolsVersion = 9.1;
						ProvisioningStyle = Automatic;
					};
				};
			};
			buildConfigurationList = 9FB3EC861FCA675600218849 /* Build configuration list for PBXProject "NoteTaker" */;
			compatibilityVersion = "Xcode 8.0";
			developmentRegion = en;
			hasScannedForEncodings = 0;
			knownRegions = (
				en,
				Base,
			);
			mainGroup = 9FB3EC821FCA675600218849;
			productRefGroup = 9FB3EC8C1FCA675600218849 /* Products */;
			projectDirPath = "";
			projectRoot = "";
			targets = (
				9FB3EC8A1FCA675600218849 /* NoteTaker */,
			);
		};
/* End PBXProject section */

/* Begin PBXResourcesBuildPhase section */
		9FB3EC891FCA675600218849 /* Resources */ = {
			isa = PBXResourcesBuildPhase;
			buildActionMask = 2147483647;
			files = (
				9FB3EC9C1FCA675600218849 /* LaunchScreen.storyboard in Resources */,
				9FB3EC991FCA675600218849 /* Assets.xcassets in Resources */,
				9FB3EC941FCA675600218849 /* Main.storyboard in Resources */,
			);
			runOnlyForDeploymentPostprocessing = 0;
		};
/* End PBXResourcesBuildPhase section */

/* Begin PBXSourcesBuildPhase section */
		9FB3EC871FCA675600218849 /* Sources */ = {
			isa = PBXSourcesBuildPhase;
			buildActionMask = 2147483647;
			files = (
				9FB3ECA61FCA778B00218849 /* NoteViewController.swift in Sources */,
				9FB3EC971FCA675600218849 /* NoteTaker.xcdatamodeld in Sources */,
				9FB3ECAA1FCA7B4900218849 /* Note+CoreDataClass.swift in Sources */,
				9FB3EC8F1FCA675600218849 /* AppDelegate.swift in Sources */,
				9FB3ECA41FCA776700218849 /* NotesTableViewController.swift in Sources */,
				9FB3ECAB1FCA7B4900218849 /* Note+CoreDataProperties.swift in Sources */,
			);
			runOnlyForDeploymentPostprocessing = 0;
		};
/* End PBXSourcesBuildPhase section */

/* Begin PBXVariantGroup section */
		9FB3EC921FCA675600218849 /* Main.storyboard */ = {
			isa = PBXVariantGroup;
			children = (
				9FB3EC931FCA675600218849 /* Base */,
			);
			name = Main.storyboard;
			sourceTree = "<group>";
		};
		9FB3EC9A1FCA675600218849 /* LaunchScreen.storyboard */ = {
			isa = PBXVariantGroup;
			children = (
				9FB3EC9B1FCA675600218849 /* Base */,
			);
			name = LaunchScreen.storyboard;
			sourceTree = "<group>";
		};
/* End PBXVariantGroup section */

/* Begin XCBuildConfiguration section */
		9FB3EC9E1FCA675600218849 /* Debug */ = {
			isa = XCBuildConfiguration;
			buildSettings = {
				ALWAYS_SEARCH_USER_PATHS = NO;
				CLANG_ANALYZER_NONNULL = YES;
				CLANG_ANALYZER_NUMBER_OBJECT_CONVERSION = YES_AGGRESSIVE;
				CLANG_CXX_LANGUAGE_STANDARD = "gnu++14";
				CLANG_CXX_LIBRARY = "libc++";
				CLANG_ENABLE_MODULES = YES;
				CLANG_ENABLE_OBJC_ARC = YES;
				CLANG_WARN_BLOCK_CAPTURE_AUTORELEASING = YES;
				CLANG_WARN_BOOL_CONVERSION = YES;
				CLANG_WARN_COMMA = YES;
				CLANG_WARN_CONSTANT_CONVERSION = YES;
				CLANG_WARN_DIRECT_OBJC_ISA_USAGE = YES_ERROR;
				CLANG_WARN_DOCUMENTATION_COMMENTS = YES;
				CLANG_WARN_EMPTY_BODY = YES;
				CLANG_WARN_ENUM_CONVERSION = YES;
				CLANG_WARN_INFINITE_RECURSION = YES;
				CLANG_WARN_INT_CONVERSION = YES;
				CLANG_WARN_NON_LITERAL_NULL_CONVERSION = YES;
				CLANG_WARN_OBJC_LITERAL_CONVERSION = YES;
				CLANG_WARN_OBJC_ROOT_CLASS = YES_ERROR;
				CLANG_WARN_RANGE_LOOP_ANALYSIS = YES;
				CLANG_WARN_STRICT_PROTOTYPES = YES;
				CLANG_WARN_SUSPICIOUS_MOVE = YES;
				CLANG_WARN_UNGUARDED_AVAILABILITY = YES_AGGRESSIVE;
				CLANG_WARN_UNREACHABLE_CODE = YES;
				CLANG_WARN__DUPLICATE_METHOD_MATCH = YES;
				CODE_SIGN_IDENTITY = "iPhone Developer";
				COPY_PHASE_STRIP = NO;
				DEBUG_INFORMATION_FORMAT = dwarf;
				ENABLE_STRICT_OBJC_MSGSEND = YES;
				ENABLE_TESTABILITY = YES;
				GCC_C_LANGUAGE_STANDARD = gnu11;
				GCC_DYNAMIC_NO_PIC = NO;
				GCC_NO_COMMON_BLOCKS = YES;
				GCC_OPTIMIZATION_LEVEL = 0;
				GCC_PREPROCESSOR_DEFINITIONS = (
					"DEBUG=1",
					"$(inherited)",
				);
				GCC_WARN_64_TO_32_BIT_CONVERSION = YES;
				GCC_WARN_ABOUT_RETURN_TYPE = YES_ERROR;
				GCC_WARN_UNDECLARED_SELECTOR = YES;
				GCC_WARN_UNINITIALIZED_AUTOS = YES_AGGRESSIVE;
				GCC_WARN_UNUSED_FUNCTION = YES;
				GCC_WARN_UNUSED_VARIABLE = YES;
				IPHONEOS_DEPLOYMENT_TARGET = 11.1;
				MTL_ENABLE_DEBUG_INFO = YES;
				ONLY_ACTIVE_ARCH = YES;
				SDKROOT = iphoneos;
				SWIFT_ACTIVE_COMPILATION_CONDITIONS = DEBUG;
				SWIFT_OPTIMIZATION_LEVEL = "-Onone";
			};
			name = Debug;
		};
		9FB3EC9F1FCA675600218849 /* Release */ = {
			isa = XCBuildConfiguration;
			buildSettings = {
				ALWAYS_SEARCH_USER_PATHS = NO;
				CLANG_ANALYZER_NONNULL = YES;
				CLANG_ANALYZER_NUMBER_OBJECT_CONVERSION = YES_AGGRESSIVE;
				CLANG_CXX_LANGUAGE_STANDARD = "gnu++14";
				CLANG_CXX_LIBRARY = "libc++";
				CLANG_ENABLE_MODULES = YES;
				CLANG_ENABLE_OBJC_ARC = YES;
				CLANG_WARN_BLOCK_CAPTURE_AUTORELEASING = YES;
				CLANG_WARN_BOOL_CONVERSION = YES;
				CLANG_WARN_COMMA = YES;
				CLANG_WARN_CONSTANT_CONVERSION = YES;
				CLANG_WARN_DIRECT_OBJC_ISA_USAGE = YES_ERROR;
				CLANG_WARN_DOCUMENTATION_COMMENTS = YES;
				CLANG_WARN_EMPTY_BODY = YES;
				CLANG_WARN_ENUM_CONVERSION = YES;
				CLANG_WARN_INFINITE_RECURSION = YES;
				CLANG_WARN_INT_CONVERSION = YES;
				CLANG_WARN_NON_LITERAL_NULL_CONVERSION = YES;
				CLANG_WARN_OBJC_LITERAL_CONVERSION = YES;
				CLANG_WARN_OBJC_ROOT_CLASS = YES_ERROR;
				CLANG_WARN_RANGE_LOOP_ANALYSIS = YES;
				CLANG_WARN_STRICT_PROTOTYPES = YES;
				CLANG_WARN_SUSPICIOUS_MOVE = YES;
				CLANG_WARN_UNGUARDED_AVAILABILITY = YES_AGGRESSIVE;
				CLANG_WARN_UNREACHABLE_CODE = YES;
				CLANG_WARN__DUPLICATE_METHOD_MATCH = YES;
				CODE_SIGN_IDENTITY = "iPhone Developer";
				COPY_PHASE_STRIP = NO;
				DEBUG_INFORMATION_FORMAT = "dwarf-with-dsym";
				ENABLE_NS_ASSERTIONS = NO;
				ENABLE_STRICT_OBJC_MSGSEND = YES;
				GCC_C_LANGUAGE_STANDARD = gnu11;
				GCC_NO_COMMON_BLOCKS = YES;
				GCC_WARN_64_TO_32_BIT_CONVERSION = YES;
				GCC_WARN_ABOUT_RETURN_TYPE = YES_ERROR;
				GCC_WARN_UNDECLARED_SELECTOR = YES;
				GCC_WARN_UNINITIALIZED_AUTOS = YES_AGGRESSIVE;
				GCC_WARN_UNUSED_FUNCTION = YES;
				GCC_WARN_UNUSED_VARIABLE = YES;
				IPHONEOS_DEPLOYMENT_TARGET = 11.1;
				MTL_ENABLE_DEBUG_INFO = NO;
				SDKROOT = iphoneos;
				SWIFT_OPTIMIZATION_LEVEL = "-Owholemodule";
				VALIDATE_PRODUCT = YES;
			};
			name = Release;
		};
		9FB3ECA11FCA675600218849 /* Debug */ = {
			isa = XCBuildConfiguration;
			buildSettings = {
				ASSETCATALOG_COMPILER_APPICON_NAME = AppIcon;
				CODE_SIGN_STYLE = Automatic;
				DEVELOPMENT_TEAM = VDDYHD8Q99;
				INFOPLIST_FILE = NoteTaker/Info.plist;
				LD_RUNPATH_SEARCH_PATHS = "$(inherited) @executable_path/Frameworks";
				PRODUCT_BUNDLE_IDENTIFIER = "edu.missouri.mail-tiit37.NoteTaker";
				PRODUCT_NAME = "$(TARGET_NAME)";
				SWIFT_VERSION = 4.0;
				TARGETED_DEVICE_FAMILY = "1,2";
			};
			name = Debug;
		};
		9FB3ECA21FCA675600218849 /* Release */ = {
			isa = XCBuildConfiguration;
			buildSettings = {
				ASSETCATALOG_COMPILER_APPICON_NAME = AppIcon;
				CODE_SIGN_STYLE = Automatic;
				DEVELOPMENT_TEAM = VDDYHD8Q99;
				INFOPLIST_FILE = NoteTaker/Info.plist;
				LD_RUNPATH_SEARCH_PATHS = "$(inherited) @executable_path/Frameworks";
				PRODUCT_BUNDLE_IDENTIFIER = "edu.missouri.mail-tiit37.NoteTaker";
				PRODUCT_NAME = "$(TARGET_NAME)";
				SWIFT_VERSION = 4.0;
				TARGETED_DEVICE_FAMILY = "1,2";
			};
			name = Release;
		};
/* End XCBuildConfiguration section */

/* Begin XCConfigurationList section */
		9FB3EC861FCA675600218849 /* Build configuration list for PBXProject "NoteTaker" */ = {
			isa = XCConfigurationList;
			buildConfigurations = (
				9FB3EC9E1FCA675600218849 /* Debug */,
				9FB3EC9F1FCA675600218849 /* Release */,
			);
			defaultConfigurationIsVisible = 0;
			defaultConfigurationName = Release;
		};
		9FB3ECA01FCA675600218849 /* Build configuration list for PBXNativeTarget "NoteTaker" */ = {
			isa = XCConfigurationList;
			buildConfigurations = (
				9FB3ECA11FCA675600218849 /* Debug */,
				9FB3ECA21FCA675600218849 /* Release */,
			);
			defaultConfigurationIsVisible = 0;
			defaultConfigurationName = Release;
		};
/* End XCConfigurationList section */

/* Begin XCVersionGroup section */
		9FB3EC951FCA675600218849 /* NoteTaker.xcdatamodeld */ = {
			isa = XCVersionGroup;
			children = (
				9FB3EC961FCA675600218849 /* NoteTaker.xcdatamodel */,
			);
			currentVersion = 9FB3EC961FCA675600218849 /* NoteTaker.xcdatamodel */;
			path = NoteTaker.xcdatamodeld;
			sourceTree = "<group>";
			versionGroupType = wrapper.xcdatamodel;
		};
/* End XCVersionGroup section */
	};
	rootObject = 9FB3EC831FCA675600218849 /* Project object */;
}
